
Microsoft Visual Studio Solution File, Format Version 12.00
# Visual Studio 2012
Project("{FAE04EC0-301F-11D3-BF4B-00C04F79EFBC}") = "ProjectWithErrorsSoItWillNotPack", "ProjectWithErrorsSoItWillNotPack\ProjectWithErrorsSoItWillNotPack.csproj", "{ECAA641A-D69C-421A-8F9A-93D91BE93174}"
EndProject
Global
	GlobalSection(SolutionConfigurationPlatforms) = preSolution
		Debug|Any CPU = Debug|Any CPU
		Release|Any CPU = Release|Any CPU
	EndGlobalSection
	GlobalSection(ProjectConfigurationPlatforms) = postSolution
		{ECAA641A-D69C-421A-8F9A-93D91BE93174}.Debug|Any CPU.ActiveCfg = Debug|Any CPU
		{ECAA641A-D69C-421A-8F9A-93D91BE93174}.Debug|Any CPU.Build.0 = Debug|Any CPU
		{ECAA641A-D69C-421A-8F9A-93D91BE93174}.Release|Any CPU.ActiveCfg = Release|Any CPU
		{ECAA641A-D69C-421A-8F9A-93D91BE93174}.Release|Any CPU.Build.0 = Release|Any CPU
	EndGlobalSection
	GlobalSection(SolutionProperties) = preSolution
		HideSolutionNode = FALSE
	EndGlobalSection
EndGlobal
